
Microsoft Visual Studio Solution File, Format Version 12.00
# Visual Studio Version 17
VisualStudioVersion = 17.1.32319.34
MinimumVisualStudioVersion = 10.0.40219.1
Project("{FAE04EC0-301F-11D3-BF4B-00C04F79EFBC}") = "PokeWar", "PokeWar.csproj", "{40FB7E52-62B7-402C-986A-6D4CEC36057D}"
EndProject
Global
	GlobalSection(SolutionConfigurationPlatforms) = preSolution
		Debug|Any CPU = Debug|Any CPU
		Release|Any CPU = Release|Any CPU
	EndGlobalSection
	GlobalSection(ProjectConfigurationPlatforms) = postSolution
		{40FB7E52-62B7-402C-986A-6D4CEC36057D}.Debug|Any CPU.ActiveCfg = Debug|Any CPU
		{40FB7E52-62B7-402C-986A-6D4CEC36057D}.Debug|Any CPU.Build.0 = Debug|Any CPU
		{40FB7E52-62B7-402C-986A-6D4CEC36057D}.Release|Any CPU.ActiveCfg = Release|Any CPU
		{40FB7E52-62B7-402C-986A-6D4CEC36057D}.Release|Any CPU.Build.0 = Release|Any CPU
	EndGlobalSection
	GlobalSection(SolutionProperties) = preSolution
		HideSolutionNode = FALSE
	EndGlobalSection
	GlobalSection(ExtensibilityGlobals) = postSolution
		SolutionGuid = {CED824EB-84F4-47CB-9CC8-AF82932D88DD}
	EndGlobalSection
EndGlobal
